{
  "name": "sw-dsl-thing",
  "version": "1.0.0",
  "lockfileVersion": 3,
  "requires": true,
  "packages": {
    "": {
      "name": "sw-dsl-thing",
      "version": "1.0.0",
      "license": "ISC",
      "devDependencies": {
        "esbuild": "^0.19.0"
      }
    },
    "node_modules/@esbuild/android-arm": {
      "version": "0.19.0",
      "resolved": "https://pkgs.dev.azure.com/IngEurCDaaS01/IngOne/_packaging/central-npm-feed/npm/registry/@esbuild/android-arm/-/android-arm-0.19.0.tgz",
      "integrity": "sha1-brbh+8Db+voDWq74tezeJbU5/Pk=",
      "cpu": [
        "arm"
      ],
      "dev": true,
      "license": "MIT",
      "optional": true,
      "os": [
        "android"
      ],
      "engines": {
        "node": ">=12"
      }
    },
    "node_modules/@esbuild/android-arm64": {
      "version": "0.19.0",
      "resolved": "https://pkgs.dev.azure.com/IngEurCDaaS01/IngOne/_packaging/central-npm-feed/npm/registry/@esbuild/android-arm64/-/android-arm64-0.19.0.tgz",
      "integrity": "sha1-xepjW9vpuD0feKcREggU5xZDkCk=",
      "cpu": [
        "arm64"
      ],
      "dev": true,
      "license": "MIT",
      "optional": true,
      "os": [
        "android"
      ],
      "engines": {
        "node": ">=12"
      }
    },
    "node_modules/@esbuild/android-x64": {
      "version": "0.19.0",
      "resolved": "https://pkgs.dev.azure.com/IngEurCDaaS01/IngOne/_packaging/central-npm-feed/npm/registry/@esbuild/android-x64/-/android-x64-0.19.0.tgz",
      "integrity": "sha1-mfFU9x9bkud4RovPD0JdFmwXvyA=",
      "cpu": [
        "x64"
      ],
      "dev": true,
      "license": "MIT",
      "optional": true,
      "os": [
        "android"
      ],
      "engines": {
        "node": ">=12"
      }
    },
    "node_modules/@esbuild/darwin-arm64": {
      "version": "0.19.0",
      "resolved": "https://pkgs.dev.azure.com/IngEurCDaaS01/IngOne/_packaging/central-npm-feed/npm/registry/@esbuild/darwin-arm64/-/darwin-arm64-0.19.0.tgz",
      "integrity": "sha1-L8wRq/lfurv5Fn22oR2Jk4W9d3s=",
      "cpu": [
        "arm64"
      ],
      "dev": true,
      "license": "MIT",
      "optional": true,
      "os": [
        "darwin"
      ],
      "engines": {
        "node": ">=12"
      }
    },
    "node_modules/@esbuild/darwin-x64": {
      "version": "0.19.0",
      "resolved": "https://pkgs.dev.azure.com/IngEurCDaaS01/IngOne/_packaging/central-npm-feed/npm/registry/@esbuild/darwin-x64/-/darwin-x64-0.19.0.tgz",
      "integrity": "sha1-tbveNUaNsJP9+ZSICw60tiYTtnw=",
      "cpu": [
        "x64"
      ],
      "dev": true,
      "license": "MIT",
      "optional": true,
      "os": [
        "darwin"
      ],
      "engines": {
        "node": ">=12"
      }
    },
    "node_modules/@esbuild/freebsd-arm64": {
      "version": "0.19.0",
      "resolved": "https://pkgs.dev.azure.com/IngEurCDaaS01/IngOne/_packaging/central-npm-feed/npm/registry/@esbuild/freebsd-arm64/-/freebsd-arm64-0.19.0.tgz",
      "integrity": "sha1-P2THbcWQ95zECs72si3V64n8ISU=",
      "cpu": [
        "arm64"
      ],
      "dev": true,
      "license": "MIT",
      "optional": true,
      "os": [
        "freebsd"
      ],
      "engines": {
        "node": ">=12"
      }
    },
    "node_modules/@esbuild/freebsd-x64": {
      "version": "0.19.0",
      "resolved": "https://pkgs.dev.azure.com/IngEurCDaaS01/IngOne/_packaging/central-npm-feed/npm/registry/@esbuild/freebsd-x64/-/freebsd-x64-0.19.0.tgz",
      "integrity": "sha1-FNSX6ehY+6K7mxYTBgK39ZRLwJw=",
      "cpu": [
        "x64"
      ],
      "dev": true,
      "license": "MIT",
      "optional": true,
      "os": [
        "freebsd"
      ],
      "engines": {
        "node": ">=12"
      }
    },
    "node_modules/@esbuild/linux-arm": {
      "version": "0.19.0",
      "resolved": "https://pkgs.dev.azure.com/IngEurCDaaS01/IngOne/_packaging/central-npm-feed/npm/registry/@esbuild/linux-arm/-/linux-arm-0.19.0.tgz",
      "integrity": "sha1-Cw953HKITwrQLAqr/JaaC+5/Z3U=",
      "cpu": [
        "arm"
      ],
      "dev": true,
      "license": "MIT",
      "optional": true,
      "os": [
        "linux"
      ],
      "engines": {
        "node": ">=12"
      }
    },
    "node_modules/@esbuild/linux-arm64": {
      "version": "0.19.0",
      "resolved": "https://pkgs.dev.azure.com/IngEurCDaaS01/IngOne/_packaging/central-npm-feed/npm/registry/@esbuild/linux-arm64/-/linux-arm64-0.19.0.tgz",
      "integrity": "sha1-Dy9NiIn33IloHDBtcxKqdkRaX2U=",
      "cpu": [
        "arm64"
      ],
      "dev": true,
      "license": "MIT",
      "optional": true,
      "os": [
        "linux"
      ],
      "engines": {
        "node": ">=12"
      }
    },
    "node_modules/@esbuild/linux-ia32": {
      "version": "0.19.0",
      "resolved": "https://pkgs.dev.azure.com/IngEurCDaaS01/IngOne/_packaging/central-npm-feed/npm/registry/@esbuild/linux-ia32/-/linux-ia32-0.19.0.tgz",
      "integrity": "sha1-387OH1500OfbCQR15Iso2aonBoc=",
      "cpu": [
        "ia32"
      ],
      "dev": true,
      "license": "MIT",
      "optional": true,
      "os": [
        "linux"
      ],
      "engines": {
        "node": ">=12"
      }
    },
    "node_modules/@esbuild/linux-loong64": {
      "version": "0.19.0",
      "resolved": "https://pkgs.dev.azure.com/IngEurCDaaS01/IngOne/_packaging/central-npm-feed/npm/registry/@esbuild/linux-loong64/-/linux-loong64-0.19.0.tgz",
      "integrity": "sha1-cQ9b1V2z9dnrrIdz6kl5UmGjXKc=",
      "cpu": [
        "loong64"
      ],
      "dev": true,
      "license": "MIT",
      "optional": true,
      "os": [
        "linux"
      ],
      "engines": {
        "node": ">=12"
      }
    },
    "node_modules/@esbuild/linux-mips64el": {
      "version": "0.19.0",
      "resolved": "https://pkgs.dev.azure.com/IngEurCDaaS01/IngOne/_packaging/central-npm-feed/npm/registry/@esbuild/linux-mips64el/-/linux-mips64el-0.19.0.tgz",
      "integrity": "sha1-qRizEPm/MfztOFPKUv7m56zAmCQ=",
      "cpu": [
        "mips64el"
      ],
      "dev": true,
      "license": "MIT",
      "optional": true,
      "os": [
        "linux"
      ],
      "engines": {
        "node": ">=12"
      }
    },
    "node_modules/@esbuild/linux-ppc64": {
      "version": "0.19.0",
      "resolved": "https://pkgs.dev.azure.com/IngEurCDaaS01/IngOne/_packaging/central-npm-feed/npm/registry/@esbuild/linux-ppc64/-/linux-ppc64-0.19.0.tgz",
      "integrity": "sha1-EEdx72zicZrBcDH2ue2KqY+OX68=",
      "cpu": [
        "ppc64"
      ],
      "dev": true,
      "license": "MIT",
      "optional": true,
      "os": [
        "linux"
      ],
      "engines": {
        "node": ">=12"
      }
    },
    "node_modules/@esbuild/linux-riscv64": {
      "version": "0.19.0",
      "resolved": "https://pkgs.dev.azure.com/IngEurCDaaS01/IngOne/_packaging/central-npm-feed/npm/registry/@esbuild/linux-riscv64/-/linux-riscv64-0.19.0.tgz",
      "integrity": "sha1-g76vpHKtQiStzU10aeOhe6H72XY=",
      "cpu": [
        "riscv64"
      ],
      "dev": true,
      "license": "MIT",
      "optional": true,
      "os": [
        "linux"
      ],
      "engines": {
        "node": ">=12"
      }
    },
    "node_modules/@esbuild/linux-s390x": {
      "version": "0.19.0",
      "resolved": "https://pkgs.dev.azure.com/IngEurCDaaS01/IngOne/_packaging/central-npm-feed/npm/registry/@esbuild/linux-s390x/-/linux-s390x-0.19.0.tgz",
      "integrity": "sha1-7cJstB2HRXFr2pwmusHwAB6q0Ck=",
      "cpu": [
        "s390x"
      ],
      "dev": true,
      "license": "MIT",
      "optional": true,
      "os": [
        "linux"
      ],
      "engines": {
        "node": ">=12"
      }
    },
    "node_modules/@esbuild/linux-x64": {
      "version": "0.19.0",
      "resolved": "https://pkgs.dev.azure.com/IngEurCDaaS01/IngOne/_packaging/central-npm-feed/npm/registry/@esbuild/linux-x64/-/linux-x64-0.19.0.tgz",
      "integrity": "sha1-gKa15VrUVODAr1vbJnM1KH4zEAc=",
      "cpu": [
        "x64"
      ],
      "dev": true,
      "license": "MIT",
      "optional": true,
      "os": [
        "linux"
      ],
      "engines": {
        "node": ">=12"
      }
    },
    "node_modules/@esbuild/netbsd-x64": {
      "version": "0.19.0",
      "resolved": "https://pkgs.dev.azure.com/IngEurCDaaS01/IngOne/_packaging/central-npm-feed/npm/registry/@esbuild/netbsd-x64/-/netbsd-x64-0.19.0.tgz",
      "integrity": "sha1-Lm6NhptYrqNLq5wMR/Fa4b2impA=",
      "cpu": [
        "x64"
      ],
      "dev": true,
      "license": "MIT",
      "optional": true,
      "os": [
        "netbsd"
      ],
      "engines": {
        "node": ">=12"
      }
    },
    "node_modules/@esbuild/openbsd-x64": {
      "version": "0.19.0",
      "resolved": "https://pkgs.dev.azure.com/IngEurCDaaS01/IngOne/_packaging/central-npm-feed/npm/registry/@esbuild/openbsd-x64/-/openbsd-x64-0.19.0.tgz",
      "integrity": "sha1-yggX06szKvsNjZai60K02OuqhxU=",
      "cpu": [
        "x64"
      ],
      "dev": true,
      "license": "MIT",
      "optional": true,
      "os": [
        "openbsd"
      ],
      "engines": {
        "node": ">=12"
      }
    },
    "node_modules/@esbuild/sunos-x64": {
      "version": "0.19.0",
      "resolved": "https://pkgs.dev.azure.com/IngEurCDaaS01/IngOne/_packaging/central-npm-feed/npm/registry/@esbuild/sunos-x64/-/sunos-x64-0.19.0.tgz",
      "integrity": "sha1-jeJ94lY8s+tsGvBmttf8sSKf49Q=",
      "cpu": [
        "x64"
      ],
      "dev": true,
      "license": "MIT",
      "optional": true,
      "os": [
        "sunos"
      ],
      "engines": {
        "node": ">=12"
      }
    },
    "node_modules/@esbuild/win32-arm64": {
      "version": "0.19.0",
      "resolved": "https://pkgs.dev.azure.com/IngEurCDaaS01/IngOne/_packaging/central-npm-feed/npm/registry/@esbuild/win32-arm64/-/win32-arm64-0.19.0.tgz",
      "integrity": "sha1-Z8K0EP+IYr4s1hFFrSHhG+APuRQ=",
      "cpu": [
        "arm64"
      ],
      "dev": true,
      "license": "MIT",
      "optional": true,
      "os": [
        "win32"
      ],
      "engines": {
        "node": ">=12"
      }
    },
    "node_modules/@esbuild/win32-ia32": {
      "version": "0.19.0",
      "resolved": "https://pkgs.dev.azure.com/IngEurCDaaS01/IngOne/_packaging/central-npm-feed/npm/registry/@esbuild/win32-ia32/-/win32-ia32-0.19.0.tgz",
      "integrity": "sha1-ysiZIhnG2UO7IiJuSv6zd0opzKE=",
      "cpu": [
        "ia32"
      ],
      "dev": true,
      "license": "MIT",
      "optional": true,
      "os": [
        "win32"
      ],
      "engines": {
        "node": ">=12"
      }
    },
    "node_modules/@esbuild/win32-x64": {
      "version": "0.19.0",
      "resolved": "https://pkgs.dev.azure.com/IngEurCDaaS01/IngOne/_packaging/central-npm-feed/npm/registry/@esbuild/win32-x64/-/win32-x64-0.19.0.tgz",
      "integrity": "sha1-+l8SyWgRzsMjOlO9v2HRoFupAY8=",
      "cpu": [
        "x64"
      ],
      "dev": true,
      "license": "MIT",
      "optional": true,
      "os": [
        "win32"
      ],
      "engines": {
        "node": ">=12"
      }
    },
    "node_modules/esbuild": {
      "version": "0.19.0",
      "resolved": "https://pkgs.dev.azure.com/IngEurCDaaS01/IngOne/_packaging/central-npm-feed/npm/registry/esbuild/-/esbuild-0.19.0.tgz",
      "integrity": "sha1-8YfkzjvMc5bRP0CKmRZV7+umUoI=",
      "dev": true,
      "hasInstallScript": true,
      "license": "MIT",
      "bin": {
        "esbuild": "bin/esbuild"
      },
      "engines": {
        "node": ">=12"
      },
      "optionalDependencies": {
        "@esbuild/android-arm": "0.19.0",
        "@esbuild/android-arm64": "0.19.0",
        "@esbuild/android-x64": "0.19.0",
        "@esbuild/darwin-arm64": "0.19.0",
        "@esbuild/darwin-x64": "0.19.0",
        "@esbuild/freebsd-arm64": "0.19.0",
        "@esbuild/freebsd-x64": "0.19.0",
        "@esbuild/linux-arm": "0.19.0",
        "@esbuild/linux-arm64": "0.19.0",
        "@esbuild/linux-ia32": "0.19.0",
        "@esbuild/linux-loong64": "0.19.0",
        "@esbuild/linux-mips64el": "0.19.0",
        "@esbuild/linux-ppc64": "0.19.0",
        "@esbuild/linux-riscv64": "0.19.0",
        "@esbuild/linux-s390x": "0.19.0",
        "@esbuild/linux-x64": "0.19.0",
        "@esbuild/netbsd-x64": "0.19.0",
        "@esbuild/openbsd-x64": "0.19.0",
        "@esbuild/sunos-x64": "0.19.0",
        "@esbuild/win32-arm64": "0.19.0",
        "@esbuild/win32-ia32": "0.19.0",
        "@esbuild/win32-x64": "0.19.0"
      }
    }
  }
}
